// !$*UTF8*$!
{
	archiveVersion = 1;
	classes = {
	};
	objectVersion = 56;
	objects = {

/* Begin PBXBuildFile section */
		43EA66302C29BC3F008D97C5 /* iExpense_OriginalApp.swift in Sources */ = {isa = PBXBuildFile; fileRef = 43EA662F2C29BC3F008D97C5 /* iExpense_OriginalApp.swift */; };
		43EA66322C29BC3F008D97C5 /* ContentView.swift in Sources */ = {isa = PBXBuildFile; fileRef = 43EA66312C29BC3F008D97C5 /* ContentView.swift */; };
		43EA66342C29BC41008D97C5 /* Assets.xcassets in Resources */ = {isa = PBXBuildFile; fileRef = 43EA66332C29BC41008D97C5 /* Assets.xcassets */; };
		43EA66382C29BC41008D97C5 /* Preview Assets.xcassets in Resources */ = {isa = PBXBuildFile; fileRef = 43EA66372C29BC41008D97C5 /* Preview Assets.xcassets */; };
		43EA66422C29BC41008D97C5 /* iExpense_OriginalTests.swift in Sources */ = {isa = PBXBuildFile; fileRef = 43EA66412C29BC41008D97C5 /* iExpense_OriginalTests.swift */; };
		43EA664C2C29BC41008D97C5 /* iExpense_OriginalUITests.swift in Sources */ = {isa = PBXBuildFile; fileRef = 43EA664B2C29BC41008D97C5 /* iExpense_OriginalUITests.swift */; };
		43EA664E2C29BC41008D97C5 /* iExpense_OriginalUITestsLaunchTests.swift in Sources */ = {isa = PBXBuildFile; fileRef = 43EA664D2C29BC41008D97C5 /* iExpense_OriginalUITestsLaunchTests.swift */; };
		43EA665B2C29BCAB008D97C5 /* Addview.swift in Sources */ = {isa = PBXBuildFile; fileRef = 43EA665A2C29BCAB008D97C5 /* Addview.swift */; };
		43EA665D2C29BCC4008D97C5 /* TitleView.swift in Sources */ = {isa = PBXBuildFile; fileRef = 43EA665C2C29BCC4008D97C5 /* TitleView.swift */; };
/* End PBXBuildFile section */

/* Begin PBXContainerItemProxy section */
		43EA663E2C29BC41008D97C5 /* PBXContainerItemProxy */ = {
			isa = PBXContainerItemProxy;
			containerPortal = 43EA66242C29BC3F008D97C5 /* Project object */;
			proxyType = 1;
			remoteGlobalIDString = 43EA662B2C29BC3F008D97C5;
			remoteInfo = iExpense_Original;
		};
		43EA66482C29BC41008D97C5 /* PBXContainerItemProxy */ = {
			isa = PBXContainerItemProxy;
			containerPortal = 43EA66242C29BC3F008D97C5 /* Project object */;
			proxyType = 1;
			remoteGlobalIDString = 43EA662B2C29BC3F008D97C5;
			remoteInfo = iExpense_Original;
		};
/* End PBXContainerItemProxy section */

/* Begin PBXFileReference section */
		43EA662C2C29BC3F008D97C5 /* iExpense_Original.app */ = {isa = PBXFileReference; explicitFileType = wrapper.application; includeInIndex = 0; path = iExpense_Original.app; sourceTree = BUILT_PRODUCTS_DIR; };
		43EA662F2C29BC3F008D97C5 /* iExpense_OriginalApp.swift */ = {isa = PBXFileReference; lastKnownFileType = sourcecode.swift; path = iExpense_OriginalApp.swift; sourceTree = "<group>"; };
		43EA66312C29BC3F008D97C5 /* ContentView.swift */ = {isa = PBXFileReference; lastKnownFileType = sourcecode.swift; path = ContentView.swift; sourceTree = "<group>"; };
		43EA66332C29BC41008D97C5 /* Assets.xcassets */ = {isa = PBXFileReference; lastKnownFileType = folder.assetcatalog; path = Assets.xcassets; sourceTree = "<group>"; };
		43EA66352C29BC41008D97C5 /* iExpense_Original.entitlements */ = {isa = PBXFileReference; lastKnownFileType = text.plist.entitlements; path = iExpense_Original.entitlements; sourceTree = "<group>"; };
		43EA66372C29BC41008D97C5 /* Preview Assets.xcassets */ = {isa = PBXFileReference; lastKnownFileType = folder.assetcatalog; path = "Preview Assets.xcassets"; sourceTree = "<group>"; };
		43EA663D2C29BC41008D97C5 /* iExpense_OriginalTests.xctest */ = {isa = PBXFileReference; explicitFileType = wrapper.cfbundle; includeInIndex = 0; path = iExpense_OriginalTests.xctest; sourceTree = BUILT_PRODUCTS_DIR; };
		43EA66412C29BC41008D97C5 /* iExpense_OriginalTests.swift */ = {isa = PBXFileReference; lastKnownFileType = sourcecode.swift; path = iExpense_OriginalTests.swift; sourceTree = "<group>"; };
		43EA66472C29BC41008D97C5 /* iExpense_OriginalUITests.xctest */ = {isa = PBXFileReference; explicitFileType = wrapper.cfbundle; includeInIndex = 0; path = iExpense_OriginalUITests.xctest; sourceTree = BUILT_PRODUCTS_DIR; };
		43EA664B2C29BC41008D97C5 /* iExpense_OriginalUITests.swift */ = {isa = PBXFileReference; lastKnownFileType = sourcecode.swift; path = iExpense_OriginalUITests.swift; sourceTree = "<group>"; };
		43EA664D2C29BC41008D97C5 /* iExpense_OriginalUITestsLaunchTests.swift */ = {isa = PBXFileReference; lastKnownFileType = sourcecode.swift; path = iExpense_OriginalUITestsLaunchTests.swift; sourceTree = "<group>"; };
		43EA665A2C29BCAB008D97C5 /* Addview.swift */ = {isa = PBXFileReference; lastKnownFileType = sourcecode.swift; path = Addview.swift; sourceTree = "<group>"; };
		43EA665C2C29BCC4008D97C5 /* TitleView.swift */ = {isa = PBXFileReference; lastKnownFileType = sourcecode.swift; path = TitleView.swift; sourceTree = "<group>"; };
/* End PBXFileReference section */

/* Begin PBXFrameworksBuildPhase section */
		43EA66292C29BC3F008D97C5 /* Frameworks */ = {
			isa = PBXFrameworksBuildPhase;
			buildActionMask = 2147483647;
			files = (
			);
			runOnlyForDeploymentPostprocessing = 0;
		};
		43EA663A2C29BC41008D97C5 /* Frameworks */ = {
			isa = PBXFrameworksBuildPhase;
			buildActionMask = 2147483647;
			files = (
			);
			runOnlyForDeploymentPostprocessing = 0;
		};
		43EA66442C29BC41008D97C5 /* Frameworks */ = {
			isa = PBXFrameworksBuildPhase;
			buildActionMask = 2147483647;
			files = (
			);
			runOnlyForDeploymentPostprocessing = 0;
		};
/* End PBXFrameworksBuildPhase section */

/* Begin PBXGroup section */
		43EA66232C29BC3F008D97C5 = {
			isa = PBXGroup;
			children = (
				43EA662E2C29BC3F008D97C5 /* iExpense_Original */,
				43EA66402C29BC41008D97C5 /* iExpense_OriginalTests */,
				43EA664A2C29BC41008D97C5 /* iExpense_OriginalUITests */,
				43EA662D2C29BC3F008D97C5 /* Products */,
			);
			sourceTree = "<group>";
		};
		43EA662D2C29BC3F008D97C5 /* Products */ = {
			isa = PBXGroup;
			children = (
				43EA662C2C29BC3F008D97C5 /* iExpense_Original.app */,
				43EA663D2C29BC41008D97C5 /* iExpense_OriginalTests.xctest */,
				43EA66472C29BC41008D97C5 /* iExpense_OriginalUITests.xctest */,
			);
			name = Products;
			sourceTree = "<group>";
		};
		43EA662E2C29BC3F008D97C5 /* iExpense_Original */ = {
			isa = PBXGroup;
			children = (
				43EA662F2C29BC3F008D97C5 /* iExpense_OriginalApp.swift */,
				43EA665C2C29BCC4008D97C5 /* TitleView.swift */,
				43EA665A2C29BCAB008D97C5 /* Addview.swift */,
				43EA66312C29BC3F008D97C5 /* ContentView.swift */,
				43EA66332C29BC41008D97C5 /* Assets.xcassets */,
				43EA66352C29BC41008D97C5 /* iExpense_Original.entitlements */,
				43EA66362C29BC41008D97C5 /* Preview Content */,
			);
			path = iExpense_Original;
			sourceTree = "<group>";
		};
		43EA66362C29BC41008D97C5 /* Preview Content */ = {
			isa = PBXGroup;
			children = (
				43EA66372C29BC41008D97C5 /* Preview Assets.xcassets */,
			);
			path = "Preview Content";
			sourceTree = "<group>";
		};
		43EA66402C29BC41008D97C5 /* iExpense_OriginalTests */ = {
			isa = PBXGroup;
			children = (
				43EA66412C29BC41008D97C5 /* iExpense_OriginalTests.swift */,
			);
			path = iExpense_OriginalTests;
			sourceTree = "<group>";
		};
		43EA664A2C29BC41008D97C5 /* iExpense_OriginalUITests */ = {
			isa = PBXGroup;
			children = (
				43EA664B2C29BC41008D97C5 /* iExpense_OriginalUITests.swift */,
				43EA664D2C29BC41008D97C5 /* iExpense_OriginalUITestsLaunchTests.swift */,
			);
			path = iExpense_OriginalUITests;
			sourceTree = "<group>";
		};
/* End PBXGroup section */

/* Begin PBXNativeTarget section */
		43EA662B2C29BC3F008D97C5 /* iExpense_Original */ = {
			isa = PBXNativeTarget;
			buildConfigurationList = 43EA66512C29BC41008D97C5 /* Build configuration list for PBXNativeTarget "iExpense_Original" */;
			buildPhases = (
				43EA66282C29BC3F008D97C5 /* Sources */,
				43EA66292C29BC3F008D97C5 /* Frameworks */,
				43EA662A2C29BC3F008D97C5 /* Resources */,
			);
			buildRules = (
			);
			dependencies = (
			);
			name = iExpense_Original;
			productName = iExpense_Original;
			productReference = 43EA662C2C29BC3F008D97C5 /* iExpense_Original.app */;
			productType = "com.apple.product-type.application";
		};
		43EA663C2C29BC41008D97C5 /* iExpense_OriginalTests */ = {
			isa = PBXNativeTarget;
			buildConfigurationList = 43EA66542C29BC41008D97C5 /* Build configuration list for PBXNativeTarget "iExpense_OriginalTests" */;
			buildPhases = (
				43EA66392C29BC41008D97C5 /* Sources */,
				43EA663A2C29BC41008D97C5 /* Frameworks */,
				43EA663B2C29BC41008D97C5 /* Resources */,
			);
			buildRules = (
			);
			dependencies = (
				43EA663F2C29BC41008D97C5 /* PBXTargetDependency */,
			);
			name = iExpense_OriginalTests;
			productName = iExpense_OriginalTests;
			productReference = 43EA663D2C29BC41008D97C5 /* iExpense_OriginalTests.xctest */;
			productType = "com.apple.product-type.bundle.unit-test";
		};
		43EA66462C29BC41008D97C5 /* iExpense_OriginalUITests */ = {
			isa = PBXNativeTarget;
			buildConfigurationList = 43EA66572C29BC41008D97C5 /* Build configuration list for PBXNativeTarget "iExpense_OriginalUITests" */;
			buildPhases = (
				43EA66432C29BC41008D97C5 /* Sources */,
				43EA66442C29BC41008D97C5 /* Frameworks */,
				43EA66452C29BC41008D97C5 /* Resources */,
			);
			buildRules = (
			);
			dependencies = (
				43EA66492C29BC41008D97C5 /* PBXTargetDependency */,
			);
			name = iExpense_OriginalUITests;
			productName = iExpense_OriginalUITests;
			productReference = 43EA66472C29BC41008D97C5 /* iExpense_OriginalUITests.xctest */;
			productType = "com.apple.product-type.bundle.ui-testing";
		};
/* End PBXNativeTarget section */

/* Begin PBXProject section */
		43EA66242C29BC3F008D97C5 /* Project object */ = {
			isa = PBXProject;
			attributes = {
				BuildIndependentTargetsInParallel = 1;
				LastSwiftUpdateCheck = 1530;
				LastUpgradeCheck = 1530;
				TargetAttributes = {
					43EA662B2C29BC3F008D97C5 = {
						CreatedOnToolsVersion = 15.3;
					};
					43EA663C2C29BC41008D97C5 = {
						CreatedOnToolsVersion = 15.3;
						TestTargetID = 43EA662B2C29BC3F008D97C5;
					};
					43EA66462C29BC41008D97C5 = {
						CreatedOnToolsVersion = 15.3;
						TestTargetID = 43EA662B2C29BC3F008D97C5;
					};
				};
			};
			buildConfigurationList = 43EA66272C29BC3F008D97C5 /* Build configuration list for PBXProject "iExpense_Original" */;
			compatibilityVersion = "Xcode 14.0";
			developmentRegion = en;
			hasScannedForEncodings = 0;
			knownRegions = (
				en,
				Base,
			);
			mainGroup = 43EA66232C29BC3F008D97C5;
			productRefGroup = 43EA662D2C29BC3F008D97C5 /* Products */;
			projectDirPath = "";
			projectRoot = "";
			targets = (
				43EA662B2C29BC3F008D97C5 /* iExpense_Original */,
				43EA663C2C29BC41008D97C5 /* iExpense_OriginalTests */,
				43EA66462C29BC41008D97C5 /* iExpense_OriginalUITests */,
			);
		};
/* End PBXProject section */

/* Begin PBXResourcesBuildPhase section */
		43EA662A2C29BC3F008D97C5 /* Resources */ = {
			isa = PBXResourcesBuildPhase;
			buildActionMask = 2147483647;
			files = (
				43EA66382C29BC41008D97C5 /* Preview Assets.xcassets in Resources */,
				43EA66342C29BC41008D97C5 /* Assets.xcassets in Resources */,
			);
			runOnlyForDeploymentPostprocessing = 0;
		};
		43EA663B2C29BC41008D97C5 /* Resources */ = {
			isa = PBXResourcesBuildPhase;
			buildActionMask = 2147483647;
			files = (
			);
			runOnlyForDeploymentPostprocessing = 0;
		};
		43EA66452C29BC41008D97C5 /* Resources */ = {
			isa = PBXResourcesBuildPhase;
			buildActionMask = 2147483647;
			files = (
			);
			runOnlyForDeploymentPostprocessing = 0;
		};
/* End PBXResourcesBuildPhase section */

/* Begin PBXSourcesBuildPhase section */
		43EA66282C29BC3F008D97C5 /* Sources */ = {
			isa = PBXSourcesBuildPhase;
			buildActionMask = 2147483647;
			files = (
				43EA66322C29BC3F008D97C5 /* ContentView.swift in Sources */,
				43EA66302C29BC3F008D97C5 /* iExpense_OriginalApp.swift in Sources */,
				43EA665B2C29BCAB008D97C5 /* Addview.swift in Sources */,
				43EA665D2C29BCC4008D97C5 /* TitleView.swift in Sources */,
			);
			runOnlyForDeploymentPostprocessing = 0;
		};
		43EA66392C29BC41008D97C5 /* Sources */ = {
			isa = PBXSourcesBuildPhase;
			buildActionMask = 2147483647;
			files = (
				43EA66422C29BC41008D97C5 /* iExpense_OriginalTests.swift in Sources */,
			);
			runOnlyForDeploymentPostprocessing = 0;
		};
		43EA66432C29BC41008D97C5 /* Sources */ = {
			isa = PBXSourcesBuildPhase;
			buildActionMask = 2147483647;
			files = (
				43EA664E2C29BC41008D97C5 /* iExpense_OriginalUITestsLaunchTests.swift in Sources */,
				43EA664C2C29BC41008D97C5 /* iExpense_OriginalUITests.swift in Sources */,
			);
			runOnlyForDeploymentPostprocessing = 0;
		};
/* End PBXSourcesBuildPhase section */

/* Begin PBXTargetDependency section */
		43EA663F2C29BC41008D97C5 /* PBXTargetDependency */ = {
			isa = PBXTargetDependency;
			target = 43EA662B2C29BC3F008D97C5 /* iExpense_Original */;
			targetProxy = 43EA663E2C29BC41008D97C5 /* PBXContainerItemProxy */;
		};
		43EA66492C29BC41008D97C5 /* PBXTargetDependency */ = {
			isa = PBXTargetDependency;
			target = 43EA662B2C29BC3F008D97C5 /* iExpense_Original */;
			targetProxy = 43EA66482C29BC41008D97C5 /* PBXContainerItemProxy */;
		};
/* End PBXTargetDependency section */

/* Begin XCBuildConfiguration section */
		43EA664F2C29BC41008D97C5 /* Debug */ = {
			isa = XCBuildConfiguration;
			buildSettings = {
				ALWAYS_SEARCH_USER_PATHS = NO;
				ASSETCATALOG_COMPILER_GENERATE_SWIFT_ASSET_SYMBOL_EXTENSIONS = YES;
				CLANG_ANALYZER_NONNULL = YES;
				CLANG_ANALYZER_NUMBER_OBJECT_CONVERSION = YES_AGGRESSIVE;
				CLANG_CXX_LANGUAGE_STANDARD = "gnu++20";
				CLANG_ENABLE_MODULES = YES;
				CLANG_ENABLE_OBJC_ARC = YES;
				CLANG_ENABLE_OBJC_WEAK = YES;
				CLANG_WARN_BLOCK_CAPTURE_AUTORELEASING = YES;
				CLANG_WARN_BOOL_CONVERSION = YES;
				CLANG_WARN_COMMA = YES;
				CLANG_WARN_CONSTANT_CONVERSION = YES;
				CLANG_WARN_DEPRECATED_OBJC_IMPLEMENTATIONS = YES;
				CLANG_WARN_DIRECT_OBJC_ISA_USAGE = YES_ERROR;
				CLANG_WARN_DOCUMENTATION_COMMENTS = YES;
				CLANG_WARN_EMPTY_BODY = YES;
				CLANG_WARN_ENUM_CONVERSION = YES;
				CLANG_WARN_INFINITE_RECURSION = YES;
				CLANG_WARN_INT_CONVERSION = YES;
				CLANG_WARN_NON_LITERAL_NULL_CONVERSION = YES;
				CLANG_WARN_OBJC_IMPLICIT_RETAIN_SELF = YES;
				CLANG_WARN_OBJC_LITERAL_CONVERSION = YES;
				CLANG_WARN_OBJC_ROOT_CLASS = YES_ERROR;
				CLANG_WARN_QUOTED_INCLUDE_IN_FRAMEWORK_HEADER = YES;
				CLANG_WARN_RANGE_LOOP_ANALYSIS = YES;
				CLANG_WARN_STRICT_PROTOTYPES = YES;
				CLANG_WARN_SUSPICIOUS_MOVE = YES;
				CLANG_WARN_UNGUARDED_AVAILABILITY = YES_AGGRESSIVE;
				CLANG_WARN_UNREACHABLE_CODE = YES;
				CLANG_WARN__DUPLICATE_METHOD_MATCH = YES;
				COPY_PHASE_STRIP = NO;
				DEBUG_INFORMATION_FORMAT = dwarf;
				ENABLE_STRICT_OBJC_MSGSEND = YES;
				ENABLE_TESTABILITY = YES;
				ENABLE_USER_SCRIPT_SANDBOXING = YES;
				GCC_C_LANGUAGE_STANDARD = gnu17;
				GCC_DYNAMIC_NO_PIC = NO;
				GCC_NO_COMMON_BLOCKS = YES;
				GCC_OPTIMIZATION_LEVEL = 0;
				GCC_PREPROCESSOR_DEFINITIONS = (
					"DEBUG=1",
					"$(inherited)",
				);
				GCC_WARN_64_TO_32_BIT_CONVERSION = YES;
				GCC_WARN_ABOUT_RETURN_TYPE = YES_ERROR;
				GCC_WARN_UNDECLARED_SELECTOR = YES;
				GCC_WARN_UNINITIALIZED_AUTOS = YES_AGGRESSIVE;
				GCC_WARN_UNUSED_FUNCTION = YES;
				GCC_WARN_UNUSED_VARIABLE = YES;
				LOCALIZATION_PREFERS_STRING_CATALOGS = YES;
				MTL_ENABLE_DEBUG_INFO = INCLUDE_SOURCE;
				MTL_FAST_MATH = YES;
				ONLY_ACTIVE_ARCH = YES;
				SWIFT_ACTIVE_COMPILATION_CONDITIONS = "DEBUG $(inherited)";
				SWIFT_OPTIMIZATION_LEVEL = "-Onone";
			};
			name = Debug;
		};
		43EA66502C29BC41008D97C5 /* Release */ = {
			isa = XCBuildConfiguration;
			buildSettings = {
				ALWAYS_SEARCH_USER_PATHS = NO;
				ASSETCATALOG_COMPILER_GENERATE_SWIFT_ASSET_SYMBOL_EXTENSIONS = YES;
				CLANG_ANALYZER_NONNULL = YES;
				CLANG_ANALYZER_NUMBER_OBJECT_CONVERSION = YES_AGGRESSIVE;
				CLANG_CXX_LANGUAGE_STANDARD = "gnu++20";
				CLANG_ENABLE_MODULES = YES;
				CLANG_ENABLE_OBJC_ARC = YES;
				CLANG_ENABLE_OBJC_WEAK = YES;
				CLANG_WARN_BLOCK_CAPTURE_AUTORELEASING = YES;
				CLANG_WARN_BOOL_CONVERSION = YES;
				CLANG_WARN_COMMA = YES;
				CLANG_WARN_CONSTANT_CONVERSION = YES;
				CLANG_WARN_DEPRECATED_OBJC_IMPLEMENTATIONS = YES;
				CLANG_WARN_DIRECT_OBJC_ISA_USAGE = YES_ERROR;
				CLANG_WARN_DOCUMENTATION_COMMENTS = YES;
				CLANG_WARN_EMPTY_BODY = YES;
				CLANG_WARN_ENUM_CONVERSION = YES;
				CLANG_WARN_INFINITE_RECURSION = YES;
				CLANG_WARN_INT_CONVERSION = YES;
				CLANG_WARN_NON_LITERAL_NULL_CONVERSION = YES;
				CLANG_WARN_OBJC_IMPLICIT_RETAIN_SELF = YES;
				CLANG_WARN_OBJC_LITERAL_CONVERSION = YES;
				CLANG_WARN_OBJC_ROOT_CLASS = YES_ERROR;
				CLANG_WARN_QUOTED_INCLUDE_IN_FRAMEWORK_HEADER = YES;
				CLANG_WARN_RANGE_LOOP_ANALYSIS = YES;
				CLANG_WARN_STRICT_PROTOTYPES = YES;
				CLANG_WARN_SUSPICIOUS_MOVE = YES;
				CLANG_WARN_UNGUARDED_AVAILABILITY = YES_AGGRESSIVE;
				CLANG_WARN_UNREACHABLE_CODE = YES;
				CLANG_WARN__DUPLICATE_METHOD_MATCH = YES;
				COPY_PHASE_STRIP = NO;
				DEBUG_INFORMATION_FORMAT = "dwarf-with-dsym";
				ENABLE_NS_ASSERTIONS = NO;
				ENABLE_STRICT_OBJC_MSGSEND = YES;
				ENABLE_USER_SCRIPT_SANDBOXING = YES;
				GCC_C_LANGUAGE_STANDARD = gnu17;
				GCC_NO_COMMON_BLOCKS = YES;
				GCC_WARN_64_TO_32_BIT_CONVERSION = YES;
				GCC_WARN_ABOUT_RETURN_TYPE = YES_ERROR;
				GCC_WARN_UNDECLARED_SELECTOR = YES;
				GCC_WARN_UNINITIALIZED_AUTOS = YES_AGGRESSIVE;
				GCC_WARN_UNUSED_FUNCTION = YES;
				GCC_WARN_UNUSED_VARIABLE = YES;
				LOCALIZATION_PREFERS_STRING_CATALOGS = YES;
				MTL_ENABLE_DEBUG_INFO = NO;
				MTL_FAST_MATH = YES;
				SWIFT_COMPILATION_MODE = wholemodule;
			};
			name = Release;
		};
		43EA66522C29BC41008D97C5 /* Debug */ = {
			isa = XCBuildConfiguration;
			buildSettings = {
				ASSETCATALOG_COMPILER_APPICON_NAME = AppIcon;
				ASSETCATALOG_COMPILER_GLOBAL_ACCENT_COLOR_NAME = AccentColor;
				CODE_SIGN_ENTITLEMENTS = iExpense_Original/iExpense_Original.entitlements;
				CODE_SIGN_STYLE = Automatic;
				CURRENT_PROJECT_VERSION = 1;
				DEVELOPMENT_ASSET_PATHS = "\"iExpense_Original/Preview Content\"";
				ENABLE_PREVIEWS = YES;
				GENERATE_INFOPLIST_FILE = YES;
				"INFOPLIST_KEY_UIApplicationSceneManifest_Generation[sdk=iphoneos*]" = YES;
				"INFOPLIST_KEY_UIApplicationSceneManifest_Generation[sdk=iphonesimulator*]" = YES;
				"INFOPLIST_KEY_UIApplicationSupportsIndirectInputEvents[sdk=iphoneos*]" = YES;
				"INFOPLIST_KEY_UIApplicationSupportsIndirectInputEvents[sdk=iphonesimulator*]" = YES;
				"INFOPLIST_KEY_UILaunchScreen_Generation[sdk=iphoneos*]" = YES;
				"INFOPLIST_KEY_UILaunchScreen_Generation[sdk=iphonesimulator*]" = YES;
				"INFOPLIST_KEY_UIStatusBarStyle[sdk=iphoneos*]" = UIStatusBarStyleDefault;
				"INFOPLIST_KEY_UIStatusBarStyle[sdk=iphonesimulator*]" = UIStatusBarStyleDefault;
				INFOPLIST_KEY_UISupportedInterfaceOrientations_iPad = "UIInterfaceOrientationPortrait UIInterfaceOrientationPortraitUpsideDown UIInterfaceOrientationLandscapeLeft UIInterfaceOrientationLandscapeRight";
				INFOPLIST_KEY_UISupportedInterfaceOrientations_iPhone = "UIInterfaceOrientationPortrait UIInterfaceOrientationLandscapeLeft UIInterfaceOrientationLandscapeRight";
				IPHONEOS_DEPLOYMENT_TARGET = 17.4;
				LD_RUNPATH_SEARCH_PATHS = "@executable_path/Frameworks";
				"LD_RUNPATH_SEARCH_PATHS[sdk=macosx*]" = "@executable_path/../Frameworks";
				MACOSX_DEPLOYMENT_TARGET = 14.4;
				MARKETING_VERSION = 1.0;
				PRODUCT_BUNDLE_IDENTIFIER = "peoplecert.iExpense-Original";
				PRODUCT_NAME = "$(TARGET_NAME)";
				SDKROOT = auto;
				SUPPORTED_PLATFORMS = "iphoneos iphonesimulator macosx";
				SWIFT_EMIT_LOC_STRINGS = YES;
				SWIFT_VERSION = 5.0;
				TARGETED_DEVICE_FAMILY = "1,2";
			};
			name = Debug;
		};
		43EA66532C29BC41008D97C5 /* Release */ = {
			isa = XCBuildConfiguration;
			buildSettings = {
				ASSETCATALOG_COMPILER_APPICON_NAME = AppIcon;
				ASSETCATALOG_COMPILER_GLOBAL_ACCENT_COLOR_NAME = AccentColor;
				CODE_SIGN_ENTITLEMENTS = iExpense_Original/iExpense_Original.entitlements;
				CODE_SIGN_STYLE = Automatic;
				CURRENT_PROJECT_VERSION = 1;
				DEVELOPMENT_ASSET_PATHS = "\"iExpense_Original/Preview Content\"";
				ENABLE_PREVIEWS = YES;
				GENERATE_INFOPLIST_FILE = YES;
				"INFOPLIST_KEY_UIApplicationSceneManifest_Generation[sdk=iphoneos*]" = YES;
				"INFOPLIST_KEY_UIApplicationSceneManifest_Generation[sdk=iphonesimulator*]" = YES;
				"INFOPLIST_KEY_UIApplicationSupportsIndirectInputEvents[sdk=iphoneos*]" = YES;
				"INFOPLIST_KEY_UIApplicationSupportsIndirectInputEvents[sdk=iphonesimulator*]" = YES;
				"INFOPLIST_KEY_UILaunchScreen_Generation[sdk=iphoneos*]" = YES;
				"INFOPLIST_KEY_UILaunchScreen_Generation[sdk=iphonesimulator*]" = YES;
				"INFOPLIST_KEY_UIStatusBarStyle[sdk=iphoneos*]" = UIStatusBarStyleDefault;
				"INFOPLIST_KEY_UIStatusBarStyle[sdk=iphonesimulator*]" = UIStatusBarStyleDefault;
				INFOPLIST_KEY_UISupportedInterfaceOrientations_iPad = "UIInterfaceOrientationPortrait UIInterfaceOrientationPortraitUpsideDown UIInterfaceOrientationLandscapeLeft UIInterfaceOrientationLandscapeRight";
				INFOPLIST_KEY_UISupportedInterfaceOrientations_iPhone = "UIInterfaceOrientationPortrait UIInterfaceOrientationLandscapeLeft UIInterfaceOrientationLandscapeRight";
				IPHONEOS_DEPLOYMENT_TARGET = 17.4;
				LD_RUNPATH_SEARCH_PATHS = "@executable_path/Frameworks";
				"LD_RUNPATH_SEARCH_PATHS[sdk=macosx*]" = "@executable_path/../Frameworks";
				MACOSX_DEPLOYMENT_TARGET = 14.4;
				MARKETING_VERSION = 1.0;
				PRODUCT_BUNDLE_IDENTIFIER = "peoplecert.iExpense-Original";
				PRODUCT_NAME = "$(TARGET_NAME)";
				SDKROOT = auto;
				SUPPORTED_PLATFORMS = "iphoneos iphonesimulator macosx";
				SWIFT_EMIT_LOC_STRINGS = YES;
				SWIFT_VERSION = 5.0;
				TARGETED_DEVICE_FAMILY = "1,2";
			};
			name = Release;
		};
		43EA66552C29BC41008D97C5 /* Debug */ = {
			isa = XCBuildConfiguration;
			buildSettings = {
				ALWAYS_EMBED_SWIFT_STANDARD_LIBRARIES = YES;
				BUNDLE_LOADER = "$(TEST_HOST)";
				CODE_SIGN_STYLE = Automatic;
				CURRENT_PROJECT_VERSION = 1;
				GENERATE_INFOPLIST_FILE = YES;
				IPHONEOS_DEPLOYMENT_TARGET = 17.4;
				MACOSX_DEPLOYMENT_TARGET = 14.4;
				MARKETING_VERSION = 1.0;
				PRODUCT_BUNDLE_IDENTIFIER = "peoplecert.iExpense-OriginalTests";
				PRODUCT_NAME = "$(TARGET_NAME)";
				SDKROOT = auto;
				SUPPORTED_PLATFORMS = "iphoneos iphonesimulator macosx";
				SWIFT_EMIT_LOC_STRINGS = NO;
				SWIFT_VERSION = 5.0;
				TARGETED_DEVICE_FAMILY = "1,2";
				TEST_HOST = "$(BUILT_PRODUCTS_DIR)/iExpense_Original.app/$(BUNDLE_EXECUTABLE_FOLDER_PATH)/iExpense_Original";
			};
			name = Debug;
		};
		43EA66562C29BC41008D97C5 /* Release */ = {
			isa = XCBuildConfiguration;
			buildSettings = {
				ALWAYS_EMBED_SWIFT_STANDARD_LIBRARIES = YES;
				BUNDLE_LOADER = "$(TEST_HOST)";
				CODE_SIGN_STYLE = Automatic;
				CURRENT_PROJECT_VERSION = 1;
				GENERATE_INFOPLIST_FILE = YES;
				IPHONEOS_DEPLOYMENT_TARGET = 17.4;
				MACOSX_DEPLOYMENT_TARGET = 14.4;
				MARKETING_VERSION = 1.0;
				PRODUCT_BUNDLE_IDENTIFIER = "peoplecert.iExpense-OriginalTests";
				PRODUCT_NAME = "$(TARGET_NAME)";
				SDKROOT = auto;
				SUPPORTED_PLATFORMS = "iphoneos iphonesimulator macosx";
				SWIFT_EMIT_LOC_STRINGS = NO;
				SWIFT_VERSION = 5.0;
				TARGETED_DEVICE_FAMILY = "1,2";
				TEST_HOST = "$(BUILT_PRODUCTS_DIR)/iExpense_Original.app/$(BUNDLE_EXECUTABLE_FOLDER_PATH)/iExpense_Original";
			};
			name = Release;
		};
		43EA66582C29BC41008D97C5 /* Debug */ = {
			isa = XCBuildConfiguration;
			buildSettings = {
				ALWAYS_EMBED_SWIFT_STANDARD_LIBRARIES = YES;
				CODE_SIGN_STYLE = Automatic;
				CURRENT_PROJECT_VERSION = 1;
				GENERATE_INFOPLIST_FILE = YES;
				IPHONEOS_DEPLOYMENT_TARGET = 17.4;
				MACOSX_DEPLOYMENT_TARGET = 14.4;
				MARKETING_VERSION = 1.0;
				PRODUCT_BUNDLE_IDENTIFIER = "peoplecert.iExpense-OriginalUITests";
				PRODUCT_NAME = "$(TARGET_NAME)";
				SDKROOT = auto;
				SUPPORTED_PLATFORMS = "iphoneos iphonesimulator macosx";
				SWIFT_EMIT_LOC_STRINGS = NO;
				SWIFT_VERSION = 5.0;
				TARGETED_DEVICE_FAMILY = "1,2";
				TEST_TARGET_NAME = iExpense_Original;
			};
			name = Debug;
		};
		43EA66592C29BC41008D97C5 /* Release */ = {
			isa = XCBuildConfiguration;
			buildSettings = {
				ALWAYS_EMBED_SWIFT_STANDARD_LIBRARIES = YES;
				CODE_SIGN_STYLE = Automatic;
				CURRENT_PROJECT_VERSION = 1;
				GENERATE_INFOPLIST_FILE = YES;
				IPHONEOS_DEPLOYMENT_TARGET = 17.4;
				MACOSX_DEPLOYMENT_TARGET = 14.4;
				MARKETING_VERSION = 1.0;
				PRODUCT_BUNDLE_IDENTIFIER = "peoplecert.iExpense-OriginalUITests";
				PRODUCT_NAME = "$(TARGET_NAME)";
				SDKROOT = auto;
				SUPPORTED_PLATFORMS = "iphoneos iphonesimulator macosx";
				SWIFT_EMIT_LOC_STRINGS = NO;
				SWIFT_VERSION = 5.0;
				TARGETED_DEVICE_FAMILY = "1,2";
				TEST_TARGET_NAME = iExpense_Original;
			};
			name = Release;
		};
/* End XCBuildConfiguration section */

/* Begin XCConfigurationList section */
		43EA66272C29BC3F008D97C5 /* Build configuration list for PBXProject "iExpense_Original" */ = {
			isa = XCConfigurationList;
			buildConfigurations = (
				43EA664F2C29BC41008D97C5 /* Debug */,
				43EA66502C29BC41008D97C5 /* Release */,
			);
			defaultConfigurationIsVisible = 0;
			defaultConfigurationName = Release;
		};
		43EA66512C29BC41008D97C5 /* Build configuration list for PBXNativeTarget "iExpense_Original" */ = {
			isa = XCConfigurationList;
			buildConfigurations = (
				43EA66522C29BC41008D97C5 /* Debug */,
				43EA66532C29BC41008D97C5 /* Release */,
			);
			defaultConfigurationIsVisible = 0;
			defaultConfigurationName = Release;
		};
		43EA66542C29BC41008D97C5 /* Build configuration list for PBXNativeTarget "iExpense_OriginalTests" */ = {
			isa = XCConfigurationList;
			buildConfigurations = (
				43EA66552C29BC41008D97C5 /* Debug */,
				43EA66562C29BC41008D97C5 /* Release */,
			);
			defaultConfigurationIsVisible = 0;
			defaultConfigurationName = Release;
		};
		43EA66572C29BC41008D97C5 /* Build configuration list for PBXNativeTarget "iExpense_OriginalUITests" */ = {
			isa = XCConfigurationList;
			buildConfigurations = (
				43EA66582C29BC41008D97C5 /* Debug */,
				43EA66592C29BC41008D97C5 /* Release */,
			);
			defaultConfigurationIsVisible = 0;
			defaultConfigurationName = Release;
		};
/* End XCConfigurationList section */
	};
	rootObject = 43EA66242C29BC3F008D97C5 /* Project object */;
}
